
Microsoft Visual Studio Solution File, Format Version 12.00
# Visual Studio 2013
VisualStudioVersion = 12.0.31101.0
MinimumVisualStudioVersion = 10.0.40219.1
Project("{FAE04EC0-301F-11D3-BF4B-00C04F79EFBC}") = "Stelmashok.OSSP.Lab2", "Stelmashok.OSSP.Lab2\Stelmashok.OSSP.Lab2.csproj", "{205E1418-2148-4262-BA82-CC1084204AB3}"
EndProject
Project("{FAE04EC0-301F-11D3-BF4B-00C04F79EFBC}") = "UnitTestProject", "UnitTestProject\UnitTestProject.csproj", "{A5944129-2EB0-42A6-9387-328285E3A6E8}"
EndProject
Global
	GlobalSection(SolutionConfigurationPlatforms) = preSolution
		Debug|Any CPU = Debug|Any CPU
		Release|Any CPU = Release|Any CPU
	EndGlobalSection
	GlobalSection(ProjectConfigurationPlatforms) = postSolution
		{205E1418-2148-4262-BA82-CC1084204AB3}.Debug|Any CPU.ActiveCfg = Debug|Any CPU
		{205E1418-2148-4262-BA82-CC1084204AB3}.Debug|Any CPU.Build.0 = Debug|Any CPU
		{205E1418-2148-4262-BA82-CC1084204AB3}.Release|Any CPU.ActiveCfg = Release|Any CPU
		{205E1418-2148-4262-BA82-CC1084204AB3}.Release|Any CPU.Build.0 = Release|Any CPU
		{A5944129-2EB0-42A6-9387-328285E3A6E8}.Debug|Any CPU.ActiveCfg = Debug|Any CPU
		{A5944129-2EB0-42A6-9387-328285E3A6E8}.Debug|Any CPU.Build.0 = Debug|Any CPU
		{A5944129-2EB0-42A6-9387-328285E3A6E8}.Release|Any CPU.ActiveCfg = Release|Any CPU
		{A5944129-2EB0-42A6-9387-328285E3A6E8}.Release|Any CPU.Build.0 = Release|Any CPU
	EndGlobalSection
	GlobalSection(SolutionProperties) = preSolution
		HideSolutionNode = FALSE
	EndGlobalSection
EndGlobal
